// !$*UTF8*$!
{
	archiveVersion = 1;
	classes = {
	};
	objectVersion = 46;
	objects = {

/* Begin PBXBuildFile section */
		C20FBD381B54BBBA00BC90B3 /* GoalData.m in Sources */ = {isa = PBXBuildFile; fileRef = C20FBD371B54BBBA00BC90B3 /* GoalData.m */; };
		C20FBD3B1B54BE2B00BC90B3 /* OtherDataCell.m in Sources */ = {isa = PBXBuildFile; fileRef = C20FBD3A1B54BE2B00BC90B3 /* OtherDataCell.m */; };
		C20FBD411B54E37700BC90B3 /* OtherDataView.m in Sources */ = {isa = PBXBuildFile; fileRef = C20FBD401B54E37700BC90B3 /* OtherDataView.m */; };
		C25677E11B53908300D3DE5B /* DataCell.m in Sources */ = {isa = PBXBuildFile; fileRef = C25677E01B53908300D3DE5B /* DataCell.m */; };
		C25677E41B5394CB00D3DE5B /* IntegralView.m in Sources */ = {isa = PBXBuildFile; fileRef = C25677E31B5394CB00D3DE5B /* IntegralView.m */; };
		C25677E71B53BB3B00D3DE5B /* DataScore.m in Sources */ = {isa = PBXBuildFile; fileRef = C25677E61B53BB3B00D3DE5B /* DataScore.m */; };
		C25678CF1B53E2CF00D3DE5B /* MKAnnotationView+WebCache.m in Sources */ = {isa = PBXBuildFile; fileRef = C25678AF1B53E2CF00D3DE5B /* MKAnnotationView+WebCache.m */; };
		C25678D01B53E2CF00D3DE5B /* NSData+ImageContentType.m in Sources */ = {isa = PBXBuildFile; fileRef = C25678B11B53E2CF00D3DE5B /* NSData+ImageContentType.m */; };
		C25678D11B53E2CF00D3DE5B /* SDImageCache.m in Sources */ = {isa = PBXBuildFile; fileRef = C25678B31B53E2CF00D3DE5B /* SDImageCache.m */; };
		C25678D21B53E2CF00D3DE5B /* SDWebImageCompat.m in Sources */ = {isa = PBXBuildFile; fileRef = C25678B51B53E2CF00D3DE5B /* SDWebImageCompat.m */; };
		C25678D31B53E2CF00D3DE5B /* SDWebImageDecoder.m in Sources */ = {isa = PBXBuildFile; fileRef = C25678B71B53E2CF00D3DE5B /* SDWebImageDecoder.m */; };
		C25678D41B53E2CF00D3DE5B /* SDWebImageDownloader.m in Sources */ = {isa = PBXBuildFile; fileRef = C25678B91B53E2CF00D3DE5B /* SDWebImageDownloader.m */; };
		C25678D51B53E2CF00D3DE5B /* SDWebImageDownloaderOperation.m in Sources */ = {isa = PBXBuildFile; fileRef = C25678BB1B53E2CF00D3DE5B /* SDWebImageDownloaderOperation.m */; };
		C25678D61B53E2CF00D3DE5B /* SDWebImageManager.m in Sources */ = {isa = PBXBuildFile; fileRef = C25678BD1B53E2CF00D3DE5B /* SDWebImageManager.m */; };
		C25678D71B53E2CF00D3DE5B /* SDWebImagePrefetcher.m in Sources */ = {isa = PBXBuildFile; fileRef = C25678C01B53E2CF00D3DE5B /* SDWebImagePrefetcher.m */; };
		C25678D81B53E2CF00D3DE5B /* UIButton+WebCache.m in Sources */ = {isa = PBXBuildFile; fileRef = C25678C21B53E2CF00D3DE5B /* UIButton+WebCache.m */; };
		C25678D91B53E2CF00D3DE5B /* UIImage+GIF.m in Sources */ = {isa = PBXBuildFile; fileRef = C25678C41B53E2CF00D3DE5B /* UIImage+GIF.m */; };
		C25678DA1B53E2CF00D3DE5B /* UIImage+MultiFormat.m in Sources */ = {isa = PBXBuildFile; fileRef = C25678C61B53E2CF00D3DE5B /* UIImage+MultiFormat.m */; };
		C25678DB1B53E2CF00D3DE5B /* UIImage+WebP.m in Sources */ = {isa = PBXBuildFile; fileRef = C25678C81B53E2CF00D3DE5B /* UIImage+WebP.m */; };
		C25678DC1B53E2CF00D3DE5B /* UIImageView+HighlightedWebCache.m in Sources */ = {isa = PBXBuildFile; fileRef = C25678CA1B53E2CF00D3DE5B /* UIImageView+HighlightedWebCache.m */; };
		C25678DD1B53E2CF00D3DE5B /* UIImageView+WebCache.m in Sources */ = {isa = PBXBuildFile; fileRef = C25678CC1B53E2CF00D3DE5B /* UIImageView+WebCache.m */; };
		C25678DE1B53E2CF00D3DE5B /* UIView+WebCacheOperation.m in Sources */ = {isa = PBXBuildFile; fileRef = C25678CE1B53E2CF00D3DE5B /* UIView+WebCacheOperation.m */; };
		C25D2E311B4FA19600BD92E1 /* DataViewController.m in Sources */ = {isa = PBXBuildFile; fileRef = C25D2E301B4FA19600BD92E1 /* DataViewController.m */; };
		C25D2E341B4FC03D00BD92E1 /* DataCSLController.m in Sources */ = {isa = PBXBuildFile; fileRef = C25D2E331B4FC03D00BD92E1 /* DataCSLController.m */; };
		C25D2E371B4FC08400BD92E1 /* DataPremierLeagueController.m in Sources */ = {isa = PBXBuildFile; fileRef = C25D2E361B4FC08400BD92E1 /* DataPremierLeagueController.m */; };
		C25D2E3A1B4FC0B700BD92E1 /* DataBundesligaController.m in Sources */ = {isa = PBXBuildFile; fileRef = C25D2E391B4FC0B700BD92E1 /* DataBundesligaController.m */; };
		C25D2E3D1B4FC0E600BD92E1 /* DataLaLigaController.m in Sources */ = {isa = PBXBuildFile; fileRef = C25D2E3C1B4FC0E600BD92E1 /* DataLaLigaController.m */; };
		C25D2E401B4FC11600BD92E1 /* DataSerieAController.m in Sources */ = {isa = PBXBuildFile; fileRef = C25D2E3F1B4FC11600BD92E1 /* DataSerieAController.m */; };
		C25D2E431B4FC16600BD92E1 /* DataUEFAChampionsLeagueController.m in Sources */ = {isa = PBXBuildFile; fileRef = C25D2E421B4FC16600BD92E1 /* DataUEFAChampionsLeagueController.m */; };
		C25D2E461B4FC1B700BD92E1 /* DataAFCChampionsLeagueController.m in Sources */ = {isa = PBXBuildFile; fileRef = C25D2E451B4FC1B700BD92E1 /* DataAFCChampionsLeagueController.m */; };
		C25D2E491B4FC24100BD92E1 /* DataUEFACupController.m in Sources */ = {isa = PBXBuildFile; fileRef = C25D2E481B4FC24100BD92E1 /* DataUEFACupController.m */; };
		C25D2E4C1B4FC27400BD92E1 /* DataFIFAWorldCupController.m in Sources */ = {isa = PBXBuildFile; fileRef = C25D2E4B1B4FC27400BD92E1 /* DataFIFAWorldCupController.m */; };
		C26827CB1B4E1256004086E7 /* main.m in Sources */ = {isa = PBXBuildFile; fileRef = C26827CA1B4E1256004086E7 /* main.m */; };
		C26827D41B4E1256004086E7 /* Main.storyboard in Resources */ = {isa = PBXBuildFile; fileRef = C26827D21B4E1256004086E7 /* Main.storyboard */; };
		C26827D61B4E1256004086E7 /* Images.xcassets in Resources */ = {isa = PBXBuildFile; fileRef = C26827D51B4E1256004086E7 /* Images.xcassets */; };
		C26827D91B4E1256004086E7 /* LaunchScreen.xib in Resources */ = {isa = PBXBuildFile; fileRef = C26827D71B4E1256004086E7 /* LaunchScreen.xib */; };
		C26827E51B4E1256004086E7 /* ballFansTests.m in Sources */ = {isa = PBXBuildFile; fileRef = C26827E41B4E1256004086E7 /* ballFansTests.m */; };
		C26828061B4E1D85004086E7 /* HomeTableViewController.m in Sources */ = {isa = PBXBuildFile; fileRef = C26828051B4E1D85004086E7 /* HomeTableViewController.m */; };
		C26828091B4E1D92004086E7 /* MatchTableViewController.m in Sources */ = {isa = PBXBuildFile; fileRef = C26828081B4E1D92004086E7 /* MatchTableViewController.m */; };
		C268280F1B4E1DA6004086E7 /* MineTableViewController.m in Sources */ = {isa = PBXBuildFile; fileRef = C268280E1B4E1DA6004086E7 /* MineTableViewController.m */; };
		C268284C1B4E1EA6004086E7 /* HomeTableView.m in Sources */ = {isa = PBXBuildFile; fileRef = C268284B1B4E1EA6004086E7 /* HomeTableView.m */; };
		C268284F1B4E1EB1004086E7 /* MtachTableView.m in Sources */ = {isa = PBXBuildFile; fileRef = C268284E1B4E1EB1004086E7 /* MtachTableView.m */; };
		C26828521B4E1EBB004086E7 /* DataTableView.m in Sources */ = {isa = PBXBuildFile; fileRef = C26828511B4E1EBB004086E7 /* DataTableView.m */; };
		C26828551B4E1ECA004086E7 /* MineTableView.m in Sources */ = {isa = PBXBuildFile; fileRef = C26828541B4E1ECA004086E7 /* MineTableView.m */; };
		C268285A1B4E1FB2004086E7 /* imageDownloader.m in Sources */ = {isa = PBXBuildFile; fileRef = C26828591B4E1FB2004086E7 /* imageDownloader.m */; };
		C268285D1B4E207C004086E7 /* Home.m in Sources */ = {isa = PBXBuildFile; fileRef = C268285C1B4E207C004086E7 /* Home.m */; };
		C26828601B4E209D004086E7 /* HomeCell.m in Sources */ = {isa = PBXBuildFile; fileRef = C268285F1B4E209D004086E7 /* HomeCell.m */; };
		C26828621B4E20AF004086E7 /* fans@2x.jpg in Resources */ = {isa = PBXBuildFile; fileRef = C26828611B4E20AF004086E7 /* fans@2x.jpg */; };
		C26828641B4E45E8004086E7 /* Default.png in Resources */ = {isa = PBXBuildFile; fileRef = C26828631B4E45E8004086E7 /* Default.png */; };
		C290B82B1B4E56B500083E91 /* AppDelegate.m in Sources */ = {isa = PBXBuildFile; fileRef = C290B8281B4E56B500083E91 /* AppDelegate.m */; };
		C290B82C1B4E56B500083E91 /* HomeViewController.m in Sources */ = {isa = PBXBuildFile; fileRef = C290B82A1B4E56B500083E91 /* HomeViewController.m */; };
/* End PBXBuildFile section */

/* Begin PBXContainerItemProxy section */
		C26827DF1B4E1256004086E7 /* PBXContainerItemProxy */ = {
			isa = PBXContainerItemProxy;
			containerPortal = C26827BD1B4E1256004086E7 /* Project object */;
			proxyType = 1;
			remoteGlobalIDString = C26827C41B4E1256004086E7;
			remoteInfo = ballFans;
		};
/* End PBXContainerItemProxy section */

/* Begin PBXFileReference section */
		C20FBD361B54BBBA00BC90B3 /* GoalData.h */ = {isa = PBXFileReference; fileEncoding = 4; lastKnownFileType = sourcecode.c.h; path = GoalData.h; sourceTree = "<group>"; };
		C20FBD371B54BBBA00BC90B3 /* GoalData.m */ = {isa = PBXFileReference; fileEncoding = 4; lastKnownFileType = sourcecode.c.objc; path = GoalData.m; sourceTree = "<group>"; };
		C20FBD391B54BE2B00BC90B3 /* OtherDataCell.h */ = {isa = PBXFileReference; fileEncoding = 4; lastKnownFileType = sourcecode.c.h; path = OtherDataCell.h; sourceTree = "<group>"; };
		C20FBD3A1B54BE2B00BC90B3 /* OtherDataCell.m */ = {isa = PBXFileReference; fileEncoding = 4; lastKnownFileType = sourcecode.c.objc; path = OtherDataCell.m; sourceTree = "<group>"; };
		C20FBD3F1B54E37700BC90B3 /* OtherDataView.h */ = {isa = PBXFileReference; fileEncoding = 4; lastKnownFileType = sourcecode.c.h; path = OtherDataView.h; sourceTree = "<group>"; };
		C20FBD401B54E37700BC90B3 /* OtherDataView.m */ = {isa = PBXFileReference; fileEncoding = 4; lastKnownFileType = sourcecode.c.objc; path = OtherDataView.m; sourceTree = "<group>"; };
		C25677DF1B53908300D3DE5B /* DataCell.h */ = {isa = PBXFileReference; fileEncoding = 4; lastKnownFileType = sourcecode.c.h; path = DataCell.h; sourceTree = "<group>"; };
		C25677E01B53908300D3DE5B /* DataCell.m */ = {isa = PBXFileReference; fileEncoding = 4; lastKnownFileType = sourcecode.c.objc; path = DataCell.m; sourceTree = "<group>"; };
		C25677E21B5394CB00D3DE5B /* IntegralView.h */ = {isa = PBXFileReference; fileEncoding = 4; lastKnownFileType = sourcecode.c.h; path = IntegralView.h; sourceTree = "<group>"; };
		C25677E31B5394CB00D3DE5B /* IntegralView.m */ = {isa = PBXFileReference; fileEncoding = 4; lastKnownFileType = sourcecode.c.objc; path = IntegralView.m; sourceTree = "<group>"; };
		C25677E51B53BB3B00D3DE5B /* DataScore.h */ = {isa = PBXFileReference; fileEncoding = 4; lastKnownFileType = sourcecode.c.h; path = DataScore.h; sourceTree = "<group>"; };
		C25677E61B53BB3B00D3DE5B /* DataScore.m */ = {isa = PBXFileReference; fileEncoding = 4; lastKnownFileType = sourcecode.c.objc; path = DataScore.m; sourceTree = "<group>"; };
		C25678AE1B53E2CF00D3DE5B /* MKAnnotationView+WebCache.h */ = {isa = PBXFileReference; fileEncoding = 4; lastKnownFileType = sourcecode.c.h; path = "MKAnnotationView+WebCache.h"; sourceTree = "<group>"; };
		C25678AF1B53E2CF00D3DE5B /* MKAnnotationView+WebCache.m */ = {isa = PBXFileReference; fileEncoding = 4; lastKnownFileType = sourcecode.c.objc; path = "MKAnnotationView+WebCache.m"; sourceTree = "<group>"; };
		C25678B01B53E2CF00D3DE5B /* NSData+ImageContentType.h */ = {isa = PBXFileReference; fileEncoding = 4; lastKnownFileType = sourcecode.c.h; path = "NSData+ImageContentType.h"; sourceTree = "<group>"; };
		C25678B11B53E2CF00D3DE5B /* NSData+ImageContentType.m */ = {isa = PBXFileReference; fileEncoding = 4; lastKnownFileType = sourcecode.c.objc; path = "NSData+ImageContentType.m"; sourceTree = "<group>"; };
		C25678B21B53E2CF00D3DE5B /* SDImageCache.h */ = {isa = PBXFileReference; fileEncoding = 4; lastKnownFileType = sourcecode.c.h; path = SDImageCache.h; sourceTree = "<group>"; };
		C25678B31B53E2CF00D3DE5B /* SDImageCache.m */ = {isa = PBXFileReference; fileEncoding = 4; lastKnownFileType = sourcecode.c.objc; path = SDImageCache.m; sourceTree = "<group>"; };
		C25678B41B53E2CF00D3DE5B /* SDWebImageCompat.h */ = {isa = PBXFileReference; fileEncoding = 4; lastKnownFileType = sourcecode.c.h; path = SDWebImageCompat.h; sourceTree = "<group>"; };
		C25678B51B53E2CF00D3DE5B /* SDWebImageCompat.m */ = {isa = PBXFileReference; fileEncoding = 4; lastKnownFileType = sourcecode.c.objc; path = SDWebImageCompat.m; sourceTree = "<group>"; };
		C25678B61B53E2CF00D3DE5B /* SDWebImageDecoder.h */ = {isa = PBXFileReference; fileEncoding = 4; lastKnownFileType = sourcecode.c.h; path = SDWebImageDecoder.h; sourceTree = "<group>"; };
		C25678B71B53E2CF00D3DE5B /* SDWebImageDecoder.m */ = {isa = PBXFileReference; fileEncoding = 4; lastKnownFileType = sourcecode.c.objc; path = SDWebImageDecoder.m; sourceTree = "<group>"; };
		C25678B81B53E2CF00D3DE5B /* SDWebImageDownloader.h */ = {isa = PBXFileReference; fileEncoding = 4; lastKnownFileType = sourcecode.c.h; path = SDWebImageDownloader.h; sourceTree = "<group>"; };
		C25678B91B53E2CF00D3DE5B /* SDWebImageDownloader.m */ = {isa = PBXFileReference; fileEncoding = 4; lastKnownFileType = sourcecode.c.objc; path = SDWebImageDownloader.m; sourceTree = "<group>"; };
		C25678BA1B53E2CF00D3DE5B /* SDWebImageDownloaderOperation.h */ = {isa = PBXFileReference; fileEncoding = 4; lastKnownFileType = sourcecode.c.h; path = SDWebImageDownloaderOperation.h; sourceTree = "<group>"; };
		C25678BB1B53E2CF00D3DE5B /* SDWebImageDownloaderOperation.m */ = {isa = PBXFileReference; fileEncoding = 4; lastKnownFileType = sourcecode.c.objc; path = SDWebImageDownloaderOperation.m; sourceTree = "<group>"; };
		C25678BC1B53E2CF00D3DE5B /* SDWebImageManager.h */ = {isa = PBXFileReference; fileEncoding = 4; lastKnownFileType = sourcecode.c.h; path = SDWebImageManager.h; sourceTree = "<group>"; };
		C25678BD1B53E2CF00D3DE5B /* SDWebImageManager.m */ = {isa = PBXFileReference; fileEncoding = 4; lastKnownFileType = sourcecode.c.objc; path = SDWebImageManager.m; sourceTree = "<group>"; };
		C25678BE1B53E2CF00D3DE5B /* SDWebImageOperation.h */ = {isa = PBXFileReference; fileEncoding = 4; lastKnownFileType = sourcecode.c.h; path = SDWebImageOperation.h; sourceTree = "<group>"; };
		C25678BF1B53E2CF00D3DE5B /* SDWebImagePrefetcher.h */ = {isa = PBXFileReference; fileEncoding = 4; lastKnownFileType = sourcecode.c.h; path = SDWebImagePrefetcher.h; sourceTree = "<group>"; };
		C25678C01B53E2CF00D3DE5B /* SDWebImagePrefetcher.m */ = {isa = PBXFileReference; fileEncoding = 4; lastKnownFileType = sourcecode.c.objc; path = SDWebImagePrefetcher.m; sourceTree = "<group>"; };
		C25678C11B53E2CF00D3DE5B /* UIButton+WebCache.h */ = {isa = PBXFileReference; fileEncoding = 4; lastKnownFileType = sourcecode.c.h; path = "UIButton+WebCache.h"; sourceTree = "<group>"; };
		C25678C21B53E2CF00D3DE5B /* UIButton+WebCache.m */ = {isa = PBXFileReference; fileEncoding = 4; lastKnownFileType = sourcecode.c.objc; path = "UIButton+WebCache.m"; sourceTree = "<group>"; };
		C25678C31B53E2CF00D3DE5B /* UIImage+GIF.h */ = {isa = PBXFileReference; fileEncoding = 4; lastKnownFileType = sourcecode.c.h; path = "UIImage+GIF.h"; sourceTree = "<group>"; };
		C25678C41B53E2CF00D3DE5B /* UIImage+GIF.m */ = {isa = PBXFileReference; fileEncoding = 4; lastKnownFileType = sourcecode.c.objc; path = "UIImage+GIF.m"; sourceTree = "<group>"; };
		C25678C51B53E2CF00D3DE5B /* UIImage+MultiFormat.h */ = {isa = PBXFileReference; fileEncoding = 4; lastKnownFileType = sourcecode.c.h; path = "UIImage+MultiFormat.h"; sourceTree = "<group>"; };
		C25678C61B53E2CF00D3DE5B /* UIImage+MultiFormat.m */ = {isa = PBXFileReference; fileEncoding = 4; lastKnownFileType = sourcecode.c.objc; path = "UIImage+MultiFormat.m"; sourceTree = "<group>"; };
		C25678C71B53E2CF00D3DE5B /* UIImage+WebP.h */ = {isa = PBXFileReference; fileEncoding = 4; lastKnownFileType = sourcecode.c.h; path = "UIImage+WebP.h"; sourceTree = "<group>"; };
		C25678C81B53E2CF00D3DE5B /* UIImage+WebP.m */ = {isa = PBXFileReference; fileEncoding = 4; lastKnownFileType = sourcecode.c.objc; path = "UIImage+WebP.m"; sourceTree = "<group>"; };
		C25678C91B53E2CF00D3DE5B /* UIImageView+HighlightedWebCache.h */ = {isa = PBXFileReference; fileEncoding = 4; lastKnownFileType = sourcecode.c.h; path = "UIImageView+HighlightedWebCache.h"; sourceTree = "<group>"; };
		C25678CA1B53E2CF00D3DE5B /* UIImageView+HighlightedWebCache.m */ = {isa = PBXFileReference; fileEncoding = 4; lastKnownFileType = sourcecode.c.objc; path = "UIImageView+HighlightedWebCache.m"; sourceTree = "<group>"; };
		C25678CB1B53E2CF00D3DE5B /* UIImageView+WebCache.h */ = {isa = PBXFileReference; fileEncoding = 4; lastKnownFileType = sourcecode.c.h; path = "UIImageView+WebCache.h"; sourceTree = "<group>"; };
		C25678CC1B53E2CF00D3DE5B /* UIImageView+WebCache.m */ = {isa = PBXFileReference; fileEncoding = 4; lastKnownFileType = sourcecode.c.objc; path = "UIImageView+WebCache.m"; sourceTree = "<group>"; };
		C25678CD1B53E2CF00D3DE5B /* UIView+WebCacheOperation.h */ = {isa = PBXFileReference; fileEncoding = 4; lastKnownFileType = sourcecode.c.h; path = "UIView+WebCacheOperation.h"; sourceTree = "<group>"; };
		C25678CE1B53E2CF00D3DE5B /* UIView+WebCacheOperation.m */ = {isa = PBXFileReference; fileEncoding = 4; lastKnownFileType = sourcecode.c.objc; path = "UIView+WebCacheOperation.m"; sourceTree = "<group>"; };
		C25D2E2F1B4FA19600BD92E1 /* DataViewController.h */ = {isa = PBXFileReference; fileEncoding = 4; lastKnownFileType = sourcecode.c.h; path = DataViewController.h; sourceTree = "<group>"; };
		C25D2E301B4FA19600BD92E1 /* DataViewController.m */ = {isa = PBXFileReference; fileEncoding = 4; lastKnownFileType = sourcecode.c.objc; path = DataViewController.m; sourceTree = "<group>"; };
		C25D2E321B4FC03D00BD92E1 /* DataCSLController.h */ = {isa = PBXFileReference; fileEncoding = 4; lastKnownFileType = sourcecode.c.h; path = DataCSLController.h; sourceTree = "<group>"; };
		C25D2E331B4FC03D00BD92E1 /* DataCSLController.m */ = {isa = PBXFileReference; fileEncoding = 4; lastKnownFileType = sourcecode.c.objc; path = DataCSLController.m; sourceTree = "<group>"; };
		C25D2E351B4FC08400BD92E1 /* DataPremierLeagueController.h */ = {isa = PBXFileReference; fileEncoding = 4; lastKnownFileType = sourcecode.c.h; path = DataPremierLeagueController.h; sourceTree = "<group>"; };
		C25D2E361B4FC08400BD92E1 /* DataPremierLeagueController.m */ = {isa = PBXFileReference; fileEncoding = 4; lastKnownFileType = sourcecode.c.objc; path = DataPremierLeagueController.m; sourceTree = "<group>"; };
		C25D2E381B4FC0B700BD92E1 /* DataBundesligaController.h */ = {isa = PBXFileReference; fileEncoding = 4; lastKnownFileType = sourcecode.c.h; path = DataBundesligaController.h; sourceTree = "<group>"; };
		C25D2E391B4FC0B700BD92E1 /* DataBundesligaController.m */ = {isa = PBXFileReference; fileEncoding = 4; lastKnownFileType = sourcecode.c.objc; path = DataBundesligaController.m; sourceTree = "<group>"; };
		C25D2E3B1B4FC0E600BD92E1 /* DataLaLigaController.h */ = {isa = PBXFileReference; fileEncoding = 4; lastKnownFileType = sourcecode.c.h; path = DataLaLigaController.h; sourceTree = "<group>"; };
		C25D2E3C1B4FC0E600BD92E1 /* DataLaLigaController.m */ = {isa = PBXFileReference; fileEncoding = 4; lastKnownFileType = sourcecode.c.objc; path = DataLaLigaController.m; sourceTree = "<group>"; };
		C25D2E3E1B4FC11600BD92E1 /* DataSerieAController.h */ = {isa = PBXFileReference; fileEncoding = 4; lastKnownFileType = sourcecode.c.h; path = DataSerieAController.h; sourceTree = "<group>"; };
		C25D2E3F1B4FC11600BD92E1 /* DataSerieAController.m */ = {isa = PBXFileReference; fileEncoding = 4; lastKnownFileType = sourcecode.c.objc; path = DataSerieAController.m; sourceTree = "<group>"; };
		C25D2E411B4FC16600BD92E1 /* DataUEFAChampionsLeagueController.h */ = {isa = PBXFileReference; fileEncoding = 4; lastKnownFileType = sourcecode.c.h; path = DataUEFAChampionsLeagueController.h; sourceTree = "<group>"; };
		C25D2E421B4FC16600BD92E1 /* DataUEFAChampionsLeagueController.m */ = {isa = PBXFileReference; fileEncoding = 4; lastKnownFileType = sourcecode.c.objc; path = DataUEFAChampionsLeagueController.m; sourceTree = "<group>"; };
		C25D2E441B4FC1B700BD92E1 /* DataAFCChampionsLeagueController.h */ = {isa = PBXFileReference; fileEncoding = 4; lastKnownFileType = sourcecode.c.h; path = DataAFCChampionsLeagueController.h; sourceTree = "<group>"; };
		C25D2E451B4FC1B700BD92E1 /* DataAFCChampionsLeagueController.m */ = {isa = PBXFileReference; fileEncoding = 4; lastKnownFileType = sourcecode.c.objc; path = DataAFCChampionsLeagueController.m; sourceTree = "<group>"; };
		C25D2E471B4FC24100BD92E1 /* DataUEFACupController.h */ = {isa = PBXFileReference; fileEncoding = 4; lastKnownFileType = sourcecode.c.h; path = DataUEFACupController.h; sourceTree = "<group>"; };
		C25D2E481B4FC24100BD92E1 /* DataUEFACupController.m */ = {isa = PBXFileReference; fileEncoding = 4; lastKnownFileType = sourcecode.c.objc; path = DataUEFACupController.m; sourceTree = "<group>"; };
		C25D2E4A1B4FC27400BD92E1 /* DataFIFAWorldCupController.h */ = {isa = PBXFileReference; fileEncoding = 4; lastKnownFileType = sourcecode.c.h; path = DataFIFAWorldCupController.h; sourceTree = "<group>"; };
		C25D2E4B1B4FC27400BD92E1 /* DataFIFAWorldCupController.m */ = {isa = PBXFileReference; fileEncoding = 4; lastKnownFileType = sourcecode.c.objc; path = DataFIFAWorldCupController.m; sourceTree = "<group>"; };
		C26827C51B4E1256004086E7 /* ballFans.app */ = {isa = PBXFileReference; explicitFileType = wrapper.application; includeInIndex = 0; path = ballFans.app; sourceTree = BUILT_PRODUCTS_DIR; };
		C26827C91B4E1256004086E7 /* Info.plist */ = {isa = PBXFileReference; lastKnownFileType = text.plist.xml; path = Info.plist; sourceTree = "<group>"; };
		C26827CA1B4E1256004086E7 /* main.m */ = {isa = PBXFileReference; lastKnownFileType = sourcecode.c.objc; path = main.m; sourceTree = "<group>"; };
		C26827D31B4E1256004086E7 /* Base */ = {isa = PBXFileReference; lastKnownFileType = file.storyboard; name = Base; path = Base.lproj/Main.storyboard; sourceTree = "<group>"; };
		C26827D51B4E1256004086E7 /* Images.xcassets */ = {isa = PBXFileReference; lastKnownFileType = folder.assetcatalog; path = Images.xcassets; sourceTree = "<group>"; };
		C26827D81B4E1256004086E7 /* Base */ = {isa = PBXFileReference; lastKnownFileType = file.xib; name = Base; path = Base.lproj/LaunchScreen.xib; sourceTree = "<group>"; };
		C26827DE1B4E1256004086E7 /* ballFansTests.xctest */ = {isa = PBXFileReference; explicitFileType = wrapper.cfbundle; includeInIndex = 0; path = ballFansTests.xctest; sourceTree = BUILT_PRODUCTS_DIR; };
		C26827E31B4E1256004086E7 /* Info.plist */ = {isa = PBXFileReference; lastKnownFileType = text.plist.xml; path = Info.plist; sourceTree = "<group>"; };
		C26827E41B4E1256004086E7 /* ballFansTests.m */ = {isa = PBXFileReference; lastKnownFileType = sourcecode.c.objc; path = ballFansTests.m; sourceTree = "<group>"; };
		C26828041B4E1D85004086E7 /* HomeTableViewController.h */ = {isa = PBXFileReference; fileEncoding = 4; lastKnownFileType = sourcecode.c.h; path = HomeTableViewController.h; sourceTree = "<group>"; };
		C26828051B4E1D85004086E7 /* HomeTableViewController.m */ = {isa = PBXFileReference; fileEncoding = 4; lastKnownFileType = sourcecode.c.objc; path = HomeTableViewController.m; sourceTree = "<group>"; };
		C26828071B4E1D92004086E7 /* MatchTableViewController.h */ = {isa = PBXFileReference; fileEncoding = 4; lastKnownFileType = sourcecode.c.h; path = MatchTableViewController.h; sourceTree = "<group>"; };
		C26828081B4E1D92004086E7 /* MatchTableViewController.m */ = {isa = PBXFileReference; fileEncoding = 4; lastKnownFileType = sourcecode.c.objc; path = MatchTableViewController.m; sourceTree = "<group>"; };
		C268280D1B4E1DA6004086E7 /* MineTableViewController.h */ = {isa = PBXFileReference; fileEncoding = 4; lastKnownFileType = sourcecode.c.h; path = MineTableViewController.h; sourceTree = "<group>"; };
		C268280E1B4E1DA6004086E7 /* MineTableViewController.m */ = {isa = PBXFileReference; fileEncoding = 4; lastKnownFileType = sourcecode.c.objc; path = MineTableViewController.m; sourceTree = "<group>"; };
		C268284A1B4E1EA6004086E7 /* HomeTableView.h */ = {isa = PBXFileReference; fileEncoding = 4; lastKnownFileType = sourcecode.c.h; path = HomeTableView.h; sourceTree = "<group>"; };
		C268284B1B4E1EA6004086E7 /* HomeTableView.m */ = {isa = PBXFileReference; fileEncoding = 4; lastKnownFileType = sourcecode.c.objc; path = HomeTableView.m; sourceTree = "<group>"; };
		C268284D1B4E1EB1004086E7 /* MtachTableView.h */ = {isa = PBXFileReference; fileEncoding = 4; lastKnownFileType = sourcecode.c.h; path = MtachTableView.h; sourceTree = "<group>"; };
		C268284E1B4E1EB1004086E7 /* MtachTableView.m */ = {isa = PBXFileReference; fileEncoding = 4; lastKnownFileType = sourcecode.c.objc; path = MtachTableView.m; sourceTree = "<group>"; };
		C26828501B4E1EBB004086E7 /* DataTableView.h */ = {isa = PBXFileReference; fileEncoding = 4; lastKnownFileType = sourcecode.c.h; path = DataTableView.h; sourceTree = "<group>"; };
		C26828511B4E1EBB004086E7 /* DataTableView.m */ = {isa = PBXFileReference; fileEncoding = 4; lastKnownFileType = sourcecode.c.objc; path = DataTableView.m; sourceTree = "<group>"; };
		C26828531B4E1ECA004086E7 /* MineTableView.h */ = {isa = PBXFileReference; fileEncoding = 4; lastKnownFileType = sourcecode.c.h; path = MineTableView.h; sourceTree = "<group>"; };
		C26828541B4E1ECA004086E7 /* MineTableView.m */ = {isa = PBXFileReference; fileEncoding = 4; lastKnownFileType = sourcecode.c.objc; path = MineTableView.m; sourceTree = "<group>"; };
		C26828561B4E1EFA004086E7 /* Header.h */ = {isa = PBXFileReference; fileEncoding = 4; lastKnownFileType = sourcecode.c.h; path = Header.h; sourceTree = "<group>"; };
		C26828571B4E1F0F004086E7 /* PrefixHeader.pch */ = {isa = PBXFileReference; fileEncoding = 4; lastKnownFileType = sourcecode.c.h; path = PrefixHeader.pch; sourceTree = "<group>"; };
		C26828581B4E1FB2004086E7 /* imageDownloader.h */ = {isa = PBXFileReference; fileEncoding = 4; lastKnownFileType = sourcecode.c.h; path = imageDownloader.h; sourceTree = "<group>"; };
		C26828591B4E1FB2004086E7 /* imageDownloader.m */ = {isa = PBXFileReference; fileEncoding = 4; lastKnownFileType = sourcecode.c.objc; path = imageDownloader.m; sourceTree = "<group>"; };
		C268285B1B4E207C004086E7 /* Home.h */ = {isa = PBXFileReference; fileEncoding = 4; lastKnownFileType = sourcecode.c.h; path = Home.h; sourceTree = "<group>"; };
		C268285C1B4E207C004086E7 /* Home.m */ = {isa = PBXFileReference; fileEncoding = 4; lastKnownFileType = sourcecode.c.objc; path = Home.m; sourceTree = "<group>"; };
		C268285E1B4E209D004086E7 /* HomeCell.h */ = {isa = PBXFileReference; fileEncoding = 4; lastKnownFileType = sourcecode.c.h; path = HomeCell.h; sourceTree = "<group>"; };
		C268285F1B4E209D004086E7 /* HomeCell.m */ = {isa = PBXFileReference; fileEncoding = 4; lastKnownFileType = sourcecode.c.objc; path = HomeCell.m; sourceTree = "<group>"; };
		C26828611B4E20AF004086E7 /* fans@2x.jpg */ = {isa = PBXFileReference; lastKnownFileType = image.jpeg; path = "fans@2x.jpg"; sourceTree = "<group>"; };
		C26828631B4E45E8004086E7 /* Default.png */ = {isa = PBXFileReference; lastKnownFileType = image.png; path = Default.png; sourceTree = "<group>"; };
		C290B8271B4E56B500083E91 /* AppDelegate.h */ = {isa = PBXFileReference; fileEncoding = 4; lastKnownFileType = sourcecode.c.h; name = AppDelegate.h; path = ballFans/Classes/AppDelegate.h; sourceTree = SOURCE_ROOT; };
		C290B8281B4E56B500083E91 /* AppDelegate.m */ = {isa = PBXFileReference; fileEncoding = 4; lastKnownFileType = sourcecode.c.objc; name = AppDelegate.m; path = ballFans/Classes/AppDelegate.m; sourceTree = SOURCE_ROOT; };
		C290B8291B4E56B500083E91 /* HomeViewController.h */ = {isa = PBXFileReference; fileEncoding = 4; lastKnownFileType = sourcecode.c.h; name = HomeViewController.h; path = ballFans/Classes/HomeViewController.h; sourceTree = SOURCE_ROOT; };
		C290B82A1B4E56B500083E91 /* HomeViewController.m */ = {isa = PBXFileReference; fileEncoding = 4; lastKnownFileType = sourcecode.c.objc; name = HomeViewController.m; path = ballFans/Classes/HomeViewController.m; sourceTree = SOURCE_ROOT; };
/* End PBXFileReference section */

/* Begin PBXFrameworksBuildPhase section */
		C26827C21B4E1256004086E7 /* Frameworks */ = {
			isa = PBXFrameworksBuildPhase;
			buildActionMask = 2147483647;
			files = (
			);
			runOnlyForDeploymentPostprocessing = 0;
		};
		C26827DB1B4E1256004086E7 /* Frameworks */ = {
			isa = PBXFrameworksBuildPhase;
			buildActionMask = 2147483647;
			files = (
			);
			runOnlyForDeploymentPostprocessing = 0;
		};
/* End PBXFrameworksBuildPhase section */

/* Begin PBXGroup section */
		C25678AD1B53E2CF00D3DE5B /* SDWebImage副本 */ = {
			isa = PBXGroup;
			children = (
				C25678AE1B53E2CF00D3DE5B /* MKAnnotationView+WebCache.h */,
				C25678AF1B53E2CF00D3DE5B /* MKAnnotationView+WebCache.m */,
				C25678B01B53E2CF00D3DE5B /* NSData+ImageContentType.h */,
				C25678B11B53E2CF00D3DE5B /* NSData+ImageContentType.m */,
				C25678B21B53E2CF00D3DE5B /* SDImageCache.h */,
				C25678B31B53E2CF00D3DE5B /* SDImageCache.m */,
				C25678B41B53E2CF00D3DE5B /* SDWebImageCompat.h */,
				C25678B51B53E2CF00D3DE5B /* SDWebImageCompat.m */,
				C25678B61B53E2CF00D3DE5B /* SDWebImageDecoder.h */,
				C25678B71B53E2CF00D3DE5B /* SDWebImageDecoder.m */,
				C25678B81B53E2CF00D3DE5B /* SDWebImageDownloader.h */,
				C25678B91B53E2CF00D3DE5B /* SDWebImageDownloader.m */,
				C25678BA1B53E2CF00D3DE5B /* SDWebImageDownloaderOperation.h */,
				C25678BB1B53E2CF00D3DE5B /* SDWebImageDownloaderOperation.m */,
				C25678BC1B53E2CF00D3DE5B /* SDWebImageManager.h */,
				C25678BD1B53E2CF00D3DE5B /* SDWebImageManager.m */,
				C25678BE1B53E2CF00D3DE5B /* SDWebImageOperation.h */,
				C25678BF1B53E2CF00D3DE5B /* SDWebImagePrefetcher.h */,
				C25678C01B53E2CF00D3DE5B /* SDWebImagePrefetcher.m */,
				C25678C11B53E2CF00D3DE5B /* UIButton+WebCache.h */,
				C25678C21B53E2CF00D3DE5B /* UIButton+WebCache.m */,
				C25678C31B53E2CF00D3DE5B /* UIImage+GIF.h */,
				C25678C41B53E2CF00D3DE5B /* UIImage+GIF.m */,
				C25678C51B53E2CF00D3DE5B /* UIImage+MultiFormat.h */,
				C25678C61B53E2CF00D3DE5B /* UIImage+MultiFormat.m */,
				C25678C71B53E2CF00D3DE5B /* UIImage+WebP.h */,
				C25678C81B53E2CF00D3DE5B /* UIImage+WebP.m */,
				C25678C91B53E2CF00D3DE5B /* UIImageView+HighlightedWebCache.h */,
				C25678CA1B53E2CF00D3DE5B /* UIImageView+HighlightedWebCache.m */,
				C25678CB1B53E2CF00D3DE5B /* UIImageView+WebCache.h */,
				C25678CC1B53E2CF00D3DE5B /* UIImageView+WebCache.m */,
				C25678CD1B53E2CF00D3DE5B /* UIView+WebCacheOperation.h */,
				C25678CE1B53E2CF00D3DE5B /* UIView+WebCacheOperation.m */,
			);
			path = "SDWebImage副本";
			sourceTree = "<group>";
		};
		C26827BC1B4E1256004086E7 = {
			isa = PBXGroup;
			children = (
				C26827C71B4E1256004086E7 /* ballFans */,
				C26827E11B4E1256004086E7 /* ballFansTests */,
				C26827C61B4E1256004086E7 /* Products */,
			);
			sourceTree = "<group>";
		};
		C26827C61B4E1256004086E7 /* Products */ = {
			isa = PBXGroup;
			children = (
				C26827C51B4E1256004086E7 /* ballFans.app */,
				C26827DE1B4E1256004086E7 /* ballFansTests.xctest */,
			);
			name = Products;
			sourceTree = "<group>";
		};
		C26827C71B4E1256004086E7 /* ballFans */ = {
			isa = PBXGroup;
			children = (
				C26827EE1B4E1274004086E7 /* Classes */,
				C26827D21B4E1256004086E7 /* Main.storyboard */,
				C26827D51B4E1256004086E7 /* Images.xcassets */,
				C26827D71B4E1256004086E7 /* LaunchScreen.xib */,
				C26827C81B4E1256004086E7 /* Supporting Files */,
			);
			path = ballFans;
			sourceTree = "<group>";
		};
		C26827C81B4E1256004086E7 /* Supporting Files */ = {
			isa = PBXGroup;
			children = (
				C26827C91B4E1256004086E7 /* Info.plist */,
				C26827CA1B4E1256004086E7 /* main.m */,
			);
			name = "Supporting Files";
			sourceTree = "<group>";
		};
		C26827E11B4E1256004086E7 /* ballFansTests */ = {
			isa = PBXGroup;
			children = (
				C26827E41B4E1256004086E7 /* ballFansTests.m */,
				C26827E21B4E1256004086E7 /* Supporting Files */,
			);
			path = ballFansTests;
			sourceTree = "<group>";
		};
		C26827E21B4E1256004086E7 /* Supporting Files */ = {
			isa = PBXGroup;
			children = (
				C26827E31B4E1256004086E7 /* Info.plist */,
			);
			name = "Supporting Files";
			sourceTree = "<group>";
		};
		C26827EE1B4E1274004086E7 /* Classes */ = {
			isa = PBXGroup;
			children = (
				C26827F21B4E13AF004086E7 /* App Delegate */,
				C26827F31B4E13AF004086E7 /* General */,
				C26827F41B4E13AF004086E7 /* Helpers */,
				C26827F51B4E13AF004086E7 /* Macro */,
				C26827F61B4E13AF004086E7 /* Models */,
				C26827F71B4E13AF004086E7 /* Resources */,
				C26827F91B4E13E4004086E7 /* Scenes */,
				C26827F81B4E13AF004086E7 /* Vendors */,
			);
			path = Classes;
			sourceTree = "<group>";
		};
		C26827F21B4E13AF004086E7 /* App Delegate */ = {
			isa = PBXGroup;
			children = (
				C290B8271B4E56B500083E91 /* AppDelegate.h */,
				C290B8281B4E56B500083E91 /* AppDelegate.m */,
				C290B8291B4E56B500083E91 /* HomeViewController.h */,
				C290B82A1B4E56B500083E91 /* HomeViewController.m */,
			);
			path = "App Delegate";
			sourceTree = "<group>";
		};
		C26827F31B4E13AF004086E7 /* General */ = {
			isa = PBXGroup;
			children = (
				C268285E1B4E209D004086E7 /* HomeCell.h */,
				C268285F1B4E209D004086E7 /* HomeCell.m */,
				C25677DF1B53908300D3DE5B /* DataCell.h */,
				C25677E01B53908300D3DE5B /* DataCell.m */,
				C20FBD391B54BE2B00BC90B3 /* OtherDataCell.h */,
				C20FBD3A1B54BE2B00BC90B3 /* OtherDataCell.m */,
			);
			path = General;
			sourceTree = "<group>";
		};
		C26827F41B4E13AF004086E7 /* Helpers */ = {
			isa = PBXGroup;
			children = (
				C26828581B4E1FB2004086E7 /* imageDownloader.h */,
				C26828591B4E1FB2004086E7 /* imageDownloader.m */,
			);
			path = Helpers;
			sourceTree = "<group>";
		};
		C26827F51B4E13AF004086E7 /* Macro */ = {
			isa = PBXGroup;
			children = (
				C26828561B4E1EFA004086E7 /* Header.h */,
				C26828571B4E1F0F004086E7 /* PrefixHeader.pch */,
			);
			path = Macro;
			sourceTree = "<group>";
		};
		C26827F61B4E13AF004086E7 /* Models */ = {
			isa = PBXGroup;
			children = (
				C268285B1B4E207C004086E7 /* Home.h */,
				C268285C1B4E207C004086E7 /* Home.m */,
				C25677E51B53BB3B00D3DE5B /* DataScore.h */,
				C25677E61B53BB3B00D3DE5B /* DataScore.m */,
				C20FBD361B54BBBA00BC90B3 /* GoalData.h */,
				C20FBD371B54BBBA00BC90B3 /* GoalData.m */,
			);
			path = Models;
			sourceTree = "<group>";
		};
		C26827F71B4E13AF004086E7 /* Resources */ = {
			isa = PBXGroup;
			children = (
				C26828611B4E20AF004086E7 /* fans@2x.jpg */,
				C26828631B4E45E8004086E7 /* Default.png */,
			);
			path = Resources;
			sourceTree = "<group>";
		};
		C26827F81B4E13AF004086E7 /* Vendors */ = {
			isa = PBXGroup;
			children = (
				C25678AD1B53E2CF00D3DE5B /* SDWebImage副本 */,
			);
			path = Vendors;
			sourceTree = "<group>";
		};
		C26827F91B4E13E4004086E7 /* Scenes */ = {
			isa = PBXGroup;
			children = (
				C26827FA1B4E148D004086E7 /* View */,
				C26827FB1B4E148D004086E7 /* ViewController */,
			);
			name = Scenes;
			path = Resources/Scenes;
			sourceTree = "<group>";
		};
		C26827FA1B4E148D004086E7 /* View */ = {
			isa = PBXGroup;
			children = (
				C26827FD1B4E1AC1004086E7 /* Home */,
				C26827FE1B4E1AC1004086E7 /* Match */,
				C26827FC1B4E1AC1004086E7 /* Data */,
				C26827FF1B4E1AC1004086E7 /* Mine */,
			);
			path = View;
			sourceTree = "<group>";
		};
		C26827FB1B4E148D004086E7 /* ViewController */ = {
			isa = PBXGroup;
			children = (
				C26828011B4E1B77004086E7 /* HomeController */,
				C26828031B4E1B77004086E7 /* MtachController */,
				C26828001B4E1B77004086E7 /* DataController */,
				C26828021B4E1B77004086E7 /* MineController */,
			);
			path = ViewController;
			sourceTree = "<group>";
		};
		C26827FC1B4E1AC1004086E7 /* Data */ = {
			isa = PBXGroup;
			children = (
				C26828501B4E1EBB004086E7 /* DataTableView.h */,
				C26828511B4E1EBB004086E7 /* DataTableView.m */,
				C25677E21B5394CB00D3DE5B /* IntegralView.h */,
				C25677E31B5394CB00D3DE5B /* IntegralView.m */,
				C20FBD3F1B54E37700BC90B3 /* OtherDataView.h */,
				C20FBD401B54E37700BC90B3 /* OtherDataView.m */,
			);
			path = Data;
			sourceTree = "<group>";
		};
		C26827FD1B4E1AC1004086E7 /* Home */ = {
			isa = PBXGroup;
			children = (
				C268284A1B4E1EA6004086E7 /* HomeTableView.h */,
				C268284B1B4E1EA6004086E7 /* HomeTableView.m */,
			);
			path = Home;
			sourceTree = "<group>";
		};
		C26827FE1B4E1AC1004086E7 /* Match */ = {
			isa = PBXGroup;
			children = (
				C268284D1B4E1EB1004086E7 /* MtachTableView.h */,
				C268284E1B4E1EB1004086E7 /* MtachTableView.m */,
			);
			path = Match;
			sourceTree = "<group>";
		};
		C26827FF1B4E1AC1004086E7 /* Mine */ = {
			isa = PBXGroup;
			children = (
				C26828531B4E1ECA004086E7 /* MineTableView.h */,
				C26828541B4E1ECA004086E7 /* MineTableView.m */,
			);
			path = Mine;
			sourceTree = "<group>";
		};
		C26828001B4E1B77004086E7 /* DataController */ = {
			isa = PBXGroup;
			children = (
				C25D2E2F1B4FA19600BD92E1 /* DataViewController.h */,
				C25D2E301B4FA19600BD92E1 /* DataViewController.m */,
				C25D2E321B4FC03D00BD92E1 /* DataCSLController.h */,
				C25D2E331B4FC03D00BD92E1 /* DataCSLController.m */,
				C25D2E351B4FC08400BD92E1 /* DataPremierLeagueController.h */,
				C25D2E361B4FC08400BD92E1 /* DataPremierLeagueController.m */,
				C25D2E381B4FC0B700BD92E1 /* DataBundesligaController.h */,
				C25D2E391B4FC0B700BD92E1 /* DataBundesligaController.m */,
				C25D2E3B1B4FC0E600BD92E1 /* DataLaLigaController.h */,
				C25D2E3C1B4FC0E600BD92E1 /* DataLaLigaController.m */,
				C25D2E3E1B4FC11600BD92E1 /* DataSerieAController.h */,
				C25D2E3F1B4FC11600BD92E1 /* DataSerieAController.m */,
				C25D2E411B4FC16600BD92E1 /* DataUEFAChampionsLeagueController.h */,
				C25D2E421B4FC16600BD92E1 /* DataUEFAChampionsLeagueController.m */,
				C25D2E441B4FC1B700BD92E1 /* DataAFCChampionsLeagueController.h */,
				C25D2E451B4FC1B700BD92E1 /* DataAFCChampionsLeagueController.m */,
				C25D2E471B4FC24100BD92E1 /* DataUEFACupController.h */,
				C25D2E481B4FC24100BD92E1 /* DataUEFACupController.m */,
				C25D2E4A1B4FC27400BD92E1 /* DataFIFAWorldCupController.h */,
				C25D2E4B1B4FC27400BD92E1 /* DataFIFAWorldCupController.m */,
			);
			path = DataController;
			sourceTree = "<group>";
		};
		C26828011B4E1B77004086E7 /* HomeController */ = {
			isa = PBXGroup;
			children = (
				C26828041B4E1D85004086E7 /* HomeTableViewController.h */,
				C26828051B4E1D85004086E7 /* HomeTableViewController.m */,
			);
			path = HomeController;
			sourceTree = "<group>";
		};
		C26828021B4E1B77004086E7 /* MineController */ = {
			isa = PBXGroup;
			children = (
				C268280D1B4E1DA6004086E7 /* MineTableViewController.h */,
				C268280E1B4E1DA6004086E7 /* MineTableViewController.m */,
			);
			path = MineController;
			sourceTree = "<group>";
		};
		C26828031B4E1B77004086E7 /* MtachController */ = {
			isa = PBXGroup;
			children = (
				C26828071B4E1D92004086E7 /* MatchTableViewController.h */,
				C26828081B4E1D92004086E7 /* MatchTableViewController.m */,
			);
			path = MtachController;
			sourceTree = "<group>";
		};
/* End PBXGroup section */

/* Begin PBXNativeTarget section */
		C26827C41B4E1256004086E7 /* ballFans */ = {
			isa = PBXNativeTarget;
			buildConfigurationList = C26827E81B4E1256004086E7 /* Build configuration list for PBXNativeTarget "ballFans" */;
			buildPhases = (
				C26827C11B4E1256004086E7 /* Sources */,
				C26827C21B4E1256004086E7 /* Frameworks */,
				C26827C31B4E1256004086E7 /* Resources */,
			);
			buildRules = (
			);
			dependencies = (
			);
			name = ballFans;
			productName = ballFans;
			productReference = C26827C51B4E1256004086E7 /* ballFans.app */;
			productType = "com.apple.product-type.application";
		};
		C26827DD1B4E1256004086E7 /* ballFansTests */ = {
			isa = PBXNativeTarget;
			buildConfigurationList = C26827EB1B4E1256004086E7 /* Build configuration list for PBXNativeTarget "ballFansTests" */;
			buildPhases = (
				C26827DA1B4E1256004086E7 /* Sources */,
				C26827DB1B4E1256004086E7 /* Frameworks */,
				C26827DC1B4E1256004086E7 /* Resources */,
			);
			buildRules = (
			);
			dependencies = (
				C26827E01B4E1256004086E7 /* PBXTargetDependency */,
			);
			name = ballFansTests;
			productName = ballFansTests;
			productReference = C26827DE1B4E1256004086E7 /* ballFansTests.xctest */;
			productType = "com.apple.product-type.bundle.unit-test";
		};
/* End PBXNativeTarget section */

/* Begin PBXProject section */
		C26827BD1B4E1256004086E7 /* Project object */ = {
			isa = PBXProject;
			attributes = {
				LastUpgradeCheck = 0600;
				ORGANIZATIONNAME = "张吴凃";
				TargetAttributes = {
					C26827C41B4E1256004086E7 = {
						CreatedOnToolsVersion = 6.0.1;
					};
					C26827DD1B4E1256004086E7 = {
						CreatedOnToolsVersion = 6.0.1;
						TestTargetID = C26827C41B4E1256004086E7;
					};
				};
			};
			buildConfigurationList = C26827C01B4E1256004086E7 /* Build configuration list for PBXProject "ballFans" */;
			compatibilityVersion = "Xcode 3.2";
			developmentRegion = English;
			hasScannedForEncodings = 0;
			knownRegions = (
				en,
				Base,
			);
			mainGroup = C26827BC1B4E1256004086E7;
			productRefGroup = C26827C61B4E1256004086E7 /* Products */;
			projectDirPath = "";
			projectRoot = "";
			targets = (
				C26827C41B4E1256004086E7 /* ballFans */,
				C26827DD1B4E1256004086E7 /* ballFansTests */,
			);
		};
/* End PBXProject section */

/* Begin PBXResourcesBuildPhase section */
		C26827C31B4E1256004086E7 /* Resources */ = {
			isa = PBXResourcesBuildPhase;
			buildActionMask = 2147483647;
			files = (
				C26828621B4E20AF004086E7 /* fans@2x.jpg in Resources */,
				C26827D41B4E1256004086E7 /* Main.storyboard in Resources */,
				C26827D91B4E1256004086E7 /* LaunchScreen.xib in Resources */,
				C26827D61B4E1256004086E7 /* Images.xcassets in Resources */,
				C26828641B4E45E8004086E7 /* Default.png in Resources */,
			);
			runOnlyForDeploymentPostprocessing = 0;
		};
		C26827DC1B4E1256004086E7 /* Resources */ = {
			isa = PBXResourcesBuildPhase;
			buildActionMask = 2147483647;
			files = (
			);
			runOnlyForDeploymentPostprocessing = 0;
		};
/* End PBXResourcesBuildPhase section */

/* Begin PBXSourcesBuildPhase section */
		C26827C11B4E1256004086E7 /* Sources */ = {
			isa = PBXSourcesBuildPhase;
			buildActionMask = 2147483647;
			files = (
				C25678D51B53E2CF00D3DE5B /* SDWebImageDownloaderOperation.m in Sources */,
				C25678DB1B53E2CF00D3DE5B /* UIImage+WebP.m in Sources */,
				C20FBD3B1B54BE2B00BC90B3 /* OtherDataCell.m in Sources */,
				C20FBD411B54E37700BC90B3 /* OtherDataView.m in Sources */,
				C25678D71B53E2CF00D3DE5B /* SDWebImagePrefetcher.m in Sources */,
				C25677E41B5394CB00D3DE5B /* IntegralView.m in Sources */,
				C25678D11B53E2CF00D3DE5B /* SDImageCache.m in Sources */,
				C25678D61B53E2CF00D3DE5B /* SDWebImageManager.m in Sources */,
				C25D2E341B4FC03D00BD92E1 /* DataCSLController.m in Sources */,
				C25D2E3A1B4FC0B700BD92E1 /* DataBundesligaController.m in Sources */,
				C25D2E491B4FC24100BD92E1 /* DataUEFACupController.m in Sources */,
				C25D2E4C1B4FC27400BD92E1 /* DataFIFAWorldCupController.m in Sources */,
				C25678DE1B53E2CF00D3DE5B /* UIView+WebCacheOperation.m in Sources */,
				C268285D1B4E207C004086E7 /* Home.m in Sources */,
				C25678D21B53E2CF00D3DE5B /* SDWebImageCompat.m in Sources */,
				C25D2E311B4FA19600BD92E1 /* DataViewController.m in Sources */,
				C25D2E431B4FC16600BD92E1 /* DataUEFAChampionsLeagueController.m in Sources */,
				C25678D31B53E2CF00D3DE5B /* SDWebImageDecoder.m in Sources */,
				C26828061B4E1D85004086E7 /* HomeTableViewController.m in Sources */,
				C25D2E461B4FC1B700BD92E1 /* DataAFCChampionsLeagueController.m in Sources */,
				C25D2E3D1B4FC0E600BD92E1 /* DataLaLigaController.m in Sources */,
				C25678DC1B53E2CF00D3DE5B /* UIImageView+HighlightedWebCache.m in Sources */,
				C20FBD381B54BBBA00BC90B3 /* GoalData.m in Sources */,
				C26828601B4E209D004086E7 /* HomeCell.m in Sources */,
				C26828551B4E1ECA004086E7 /* MineTableView.m in Sources */,
				C268285A1B4E1FB2004086E7 /* imageDownloader.m in Sources */,
				C268284C1B4E1EA6004086E7 /* HomeTableView.m in Sources */,
				C268284F1B4E1EB1004086E7 /* MtachTableView.m in Sources */,
				C25678DA1B53E2CF00D3DE5B /* UIImage+MultiFormat.m in Sources */,
				C290B82C1B4E56B500083E91 /* HomeViewController.m in Sources */,
				C25678CF1B53E2CF00D3DE5B /* MKAnnotationView+WebCache.m in Sources */,
				C25678D01B53E2CF00D3DE5B /* NSData+ImageContentType.m in Sources */,
				C25678D81B53E2CF00D3DE5B /* UIButton+WebCache.m in Sources */,
				C25678DD1B53E2CF00D3DE5B /* UIImageView+WebCache.m in Sources */,
				C290B82B1B4E56B500083E91 /* AppDelegate.m in Sources */,
				C25677E71B53BB3B00D3DE5B /* DataScore.m in Sources */,
				C25678D91B53E2CF00D3DE5B /* UIImage+GIF.m in Sources */,
				C25678D41B53E2CF00D3DE5B /* SDWebImageDownloader.m in Sources */,
				C25677E11B53908300D3DE5B /* DataCell.m in Sources */,
				C26827CB1B4E1256004086E7 /* main.m in Sources */,
				C26828091B4E1D92004086E7 /* MatchTableViewController.m in Sources */,
				C25D2E401B4FC11600BD92E1 /* DataSerieAController.m in Sources */,
				C268280F1B4E1DA6004086E7 /* MineTableViewController.m in Sources */,
				C25D2E371B4FC08400BD92E1 /* DataPremierLeagueController.m in Sources */,
				C26828521B4E1EBB004086E7 /* DataTableView.m in Sources */,
			);
			runOnlyForDeploymentPostprocessing = 0;
		};
		C26827DA1B4E1256004086E7 /* Sources */ = {
			isa = PBXSourcesBuildPhase;
			buildActionMask = 2147483647;
			files = (
				C26827E51B4E1256004086E7 /* ballFansTests.m in Sources */,
			);
			runOnlyForDeploymentPostprocessing = 0;
		};
/* End PBXSourcesBuildPhase section */

/* Begin PBXTargetDependency section */
		C26827E01B4E1256004086E7 /* PBXTargetDependency */ = {
			isa = PBXTargetDependency;
			target = C26827C41B4E1256004086E7 /* ballFans */;
			targetProxy = C26827DF1B4E1256004086E7 /* PBXContainerItemProxy */;
		};
/* End PBXTargetDependency section */

/* Begin PBXVariantGroup section */
		C26827D21B4E1256004086E7 /* Main.storyboard */ = {
			isa = PBXVariantGroup;
			children = (
				C26827D31B4E1256004086E7 /* Base */,
			);
			name = Main.storyboard;
			sourceTree = "<group>";
		};
		C26827D71B4E1256004086E7 /* LaunchScreen.xib */ = {
			isa = PBXVariantGroup;
			children = (
				C26827D81B4E1256004086E7 /* Base */,
			);
			name = LaunchScreen.xib;
			sourceTree = "<group>";
		};
/* End PBXVariantGroup section */

/* Begin XCBuildConfiguration section */
		C26827E61B4E1256004086E7 /* Debug */ = {
			isa = XCBuildConfiguration;
			buildSettings = {
				ALWAYS_SEARCH_USER_PATHS = NO;
				CLANG_CXX_LANGUAGE_STANDARD = "gnu++0x";
				CLANG_CXX_LIBRARY = "libc++";
				CLANG_ENABLE_MODULES = YES;
				CLANG_ENABLE_OBJC_ARC = YES;
				CLANG_WARN_BOOL_CONVERSION = YES;
				CLANG_WARN_CONSTANT_CONVERSION = YES;
				CLANG_WARN_DIRECT_OBJC_ISA_USAGE = YES_ERROR;
				CLANG_WARN_EMPTY_BODY = YES;
				CLANG_WARN_ENUM_CONVERSION = YES;
				CLANG_WARN_INT_CONVERSION = YES;
				CLANG_WARN_OBJC_ROOT_CLASS = YES_ERROR;
				CLANG_WARN_UNREACHABLE_CODE = YES;
				CLANG_WARN__DUPLICATE_METHOD_MATCH = YES;
				"CODE_SIGN_IDENTITY[sdk=iphoneos*]" = "iPhone Developer";
				COPY_PHASE_STRIP = NO;
				ENABLE_STRICT_OBJC_MSGSEND = YES;
				GCC_C_LANGUAGE_STANDARD = gnu99;
				GCC_DYNAMIC_NO_PIC = NO;
				GCC_OPTIMIZATION_LEVEL = 0;
				GCC_PREPROCESSOR_DEFINITIONS = (
					"DEBUG=1",
					"$(inherited)",
				);
				GCC_SYMBOLS_PRIVATE_EXTERN = NO;
				GCC_WARN_64_TO_32_BIT_CONVERSION = YES;
				GCC_WARN_ABOUT_RETURN_TYPE = YES_ERROR;
				GCC_WARN_UNDECLARED_SELECTOR = YES;
				GCC_WARN_UNINITIALIZED_AUTOS = YES_AGGRESSIVE;
				GCC_WARN_UNUSED_FUNCTION = YES;
				GCC_WARN_UNUSED_VARIABLE = YES;
				IPHONEOS_DEPLOYMENT_TARGET = 8.0;
				MTL_ENABLE_DEBUG_INFO = YES;
				ONLY_ACTIVE_ARCH = YES;
				SDKROOT = iphoneos;
				TARGETED_DEVICE_FAMILY = "1,2";
			};
			name = Debug;
		};
		C26827E71B4E1256004086E7 /* Release */ = {
			isa = XCBuildConfiguration;
			buildSettings = {
				ALWAYS_SEARCH_USER_PATHS = NO;
				CLANG_CXX_LANGUAGE_STANDARD = "gnu++0x";
				CLANG_CXX_LIBRARY = "libc++";
				CLANG_ENABLE_MODULES = YES;
				CLANG_ENABLE_OBJC_ARC = YES;
				CLANG_WARN_BOOL_CONVERSION = YES;
				CLANG_WARN_CONSTANT_CONVERSION = YES;
				CLANG_WARN_DIRECT_OBJC_ISA_USAGE = YES_ERROR;
				CLANG_WARN_EMPTY_BODY = YES;
				CLANG_WARN_ENUM_CONVERSION = YES;
				CLANG_WARN_INT_CONVERSION = YES;
				CLANG_WARN_OBJC_ROOT_CLASS = YES_ERROR;
				CLANG_WARN_UNREACHABLE_CODE = YES;
				CLANG_WARN__DUPLICATE_METHOD_MATCH = YES;
				"CODE_SIGN_IDENTITY[sdk=iphoneos*]" = "iPhone Developer";
				COPY_PHASE_STRIP = YES;
				ENABLE_NS_ASSERTIONS = NO;
				ENABLE_STRICT_OBJC_MSGSEND = YES;
				GCC_C_LANGUAGE_STANDARD = gnu99;
				GCC_WARN_64_TO_32_BIT_CONVERSION = YES;
				GCC_WARN_ABOUT_RETURN_TYPE = YES_ERROR;
				GCC_WARN_UNDECLARED_SELECTOR = YES;
				GCC_WARN_UNINITIALIZED_AUTOS = YES_AGGRESSIVE;
				GCC_WARN_UNUSED_FUNCTION = YES;
				GCC_WARN_UNUSED_VARIABLE = YES;
				IPHONEOS_DEPLOYMENT_TARGET = 8.0;
				MTL_ENABLE_DEBUG_INFO = NO;
				SDKROOT = iphoneos;
				TARGETED_DEVICE_FAMILY = "1,2";
				VALIDATE_PRODUCT = YES;
			};
			name = Release;
		};
		C26827E91B4E1256004086E7 /* Debug */ = {
			isa = XCBuildConfiguration;
			buildSettings = {
				ASSETCATALOG_COMPILER_APPICON_NAME = AppIcon;
				GCC_PREFIX_HEADER = /Users/lanou3g/Desktop/ballFans/ballFans/Classes/Macro/PrefixHeader.pch;
				INFOPLIST_FILE = ballFans/Info.plist;
				LD_RUNPATH_SEARCH_PATHS = "$(inherited) @executable_path/Frameworks";
				PRODUCT_NAME = "$(TARGET_NAME)";
			};
			name = Debug;
		};
		C26827EA1B4E1256004086E7 /* Release */ = {
			isa = XCBuildConfiguration;
			buildSettings = {
				ASSETCATALOG_COMPILER_APPICON_NAME = AppIcon;
				GCC_PREFIX_HEADER = /Users/lanou3g/Desktop/ballFans/ballFans/Classes/Macro/PrefixHeader.pch;
				INFOPLIST_FILE = ballFans/Info.plist;
				LD_RUNPATH_SEARCH_PATHS = "$(inherited) @executable_path/Frameworks";
				PRODUCT_NAME = "$(TARGET_NAME)";
			};
			name = Release;
		};
		C26827EC1B4E1256004086E7 /* Debug */ = {
			isa = XCBuildConfiguration;
			buildSettings = {
				BUNDLE_LOADER = "$(TEST_HOST)";
				FRAMEWORK_SEARCH_PATHS = (
					"$(SDKROOT)/Developer/Library/Frameworks",
					"$(inherited)",
				);
				GCC_PREPROCESSOR_DEFINITIONS = (
					"DEBUG=1",
					"$(inherited)",
				);
				INFOPLIST_FILE = ballFansTests/Info.plist;
				LD_RUNPATH_SEARCH_PATHS = "$(inherited) @executable_path/Frameworks @loader_path/Frameworks";
				PRODUCT_NAME = "$(TARGET_NAME)";
				TEST_HOST = "$(BUILT_PRODUCTS_DIR)/ballFans.app/ballFans";
			};
			name = Debug;
		};
		C26827ED1B4E1256004086E7 /* Release */ = {
			isa = XCBuildConfiguration;
			buildSettings = {
				BUNDLE_LOADER = "$(TEST_HOST)";
				FRAMEWORK_SEARCH_PATHS = (
					"$(SDKROOT)/Developer/Library/Frameworks",
					"$(inherited)",
				);
				INFOPLIST_FILE = ballFansTests/Info.plist;
				LD_RUNPATH_SEARCH_PATHS = "$(inherited) @executable_path/Frameworks @loader_path/Frameworks";
				PRODUCT_NAME = "$(TARGET_NAME)";
				TEST_HOST = "$(BUILT_PRODUCTS_DIR)/ballFans.app/ballFans";
			};
			name = Release;
		};
/* End XCBuildConfiguration section */

/* Begin XCConfigurationList section */
		C26827C01B4E1256004086E7 /* Build configuration list for PBXProject "ballFans" */ = {
			isa = XCConfigurationList;
			buildConfigurations = (
				C26827E61B4E1256004086E7 /* Debug */,
				C26827E71B4E1256004086E7 /* Release */,
			);
			defaultConfigurationIsVisible = 0;
			defaultConfigurationName = Release;
		};
		C26827E81B4E1256004086E7 /* Build configuration list for PBXNativeTarget "ballFans" */ = {
			isa = XCConfigurationList;
			buildConfigurations = (
				C26827E91B4E1256004086E7 /* Debug */,
				C26827EA1B4E1256004086E7 /* Release */,
			);
			defaultConfigurationIsVisible = 0;
			defaultConfigurationName = Release;
		};
		C26827EB1B4E1256004086E7 /* Build configuration list for PBXNativeTarget "ballFansTests" */ = {
			isa = XCConfigurationList;
			buildConfigurations = (
				C26827EC1B4E1256004086E7 /* Debug */,
				C26827ED1B4E1256004086E7 /* Release */,
			);
			defaultConfigurationIsVisible = 0;
			defaultConfigurationName = Release;
		};
/* End XCConfigurationList section */
	};
	rootObject = C26827BD1B4E1256004086E7 /* Project object */;
}
